{
  "version": "2",
  "remote": {
    "https://deno.land/std@0.192.0/_util/asserts.ts": "178dfc49a464aee693a7e285567b3d0b555dc805ff490505a8aae34f9cfb1462",
    "https://deno.land/std@0.192.0/_util/os.ts": "d932f56d41e4f6a6093d56044e29ce637f8dcc43c5a90af43504a889cf1775e3",
    "https://deno.land/std@0.192.0/fs/_util.ts": "fbf57dcdc9f7bc8128d60301eece608246971a7836a3bb1e78da75314f08b978",
    "https://deno.land/std@0.192.0/fs/copy.ts": "14214efd94fc3aa6db1e4af2b4b9578e50f7362b7f3725d5a14ad259a5df26c8",
    "https://deno.land/std@0.192.0/fs/empty_dir.ts": "c3d2da4c7352fab1cf144a1ecfef58090769e8af633678e0f3fabaef98594688",
    "https://deno.land/std@0.192.0/fs/ensure_dir.ts": "dc64c4c75c64721d4e3fb681f1382f803ff3d2868f08563ff923fdd20d071c40",
    "https://deno.land/std@0.192.0/fs/ensure_file.ts": "c38602670bfaf259d86ca824a94e6cb9e5eb73757fefa4ebf43a90dd017d53d9",
    "https://deno.land/std@0.192.0/fs/ensure_link.ts": "c0f5b2f0ec094ed52b9128eccb1ee23362a617457aa0f699b145d4883f5b2fb4",
    "https://deno.land/std@0.192.0/fs/ensure_symlink.ts": "5006ab2f458159c56d689b53b1e48d57e05eeb1eaf64e677f7f76a30bc4fdba1",
    "https://deno.land/std@0.192.0/fs/eol.ts": "f1f2eb348a750c34500741987b21d65607f352cf7205f48f4319d417fff42842",
    "https://deno.land/std@0.192.0/fs/exists.ts": "29c26bca8584a22876be7cb8844f1b6c8fc35e9af514576b78f5c6884d7ed02d",
    "https://deno.land/std@0.192.0/fs/expand_glob.ts": "e4f56259a0a70fe23f05215b00de3ac5e6ba46646ab2a06ebbe9b010f81c972a",
    "https://deno.land/std@0.192.0/fs/mod.ts": "bc3d0acd488cc7b42627044caf47d72019846d459279544e1934418955ba4898",
    "https://deno.land/std@0.192.0/fs/move.ts": "b4f8f46730b40c32ea3c0bc8eb0fd0e8139249a698883c7b3756424cf19785c9",
    "https://deno.land/std@0.192.0/fs/walk.ts": "920be35a7376db6c0b5b1caf1486fb962925e38c9825f90367f8f26b5e5d0897",
    "https://deno.land/std@0.192.0/path/_constants.ts": "e49961f6f4f48039c0dfed3c3f93e963ca3d92791c9d478ac5b43183413136e0",
    "https://deno.land/std@0.192.0/path/_interface.ts": "6471159dfbbc357e03882c2266d21ef9afdb1e4aa771b0545e90db58a0ba314b",
    "https://deno.land/std@0.192.0/path/_util.ts": "d7abb1e0dea065f427b89156e28cdeb32b045870acdf865833ba808a73b576d0",
    "https://deno.land/std@0.192.0/path/common.ts": "ee7505ab01fd22de3963b64e46cff31f40de34f9f8de1fff6a1bd2fe79380000",
    "https://deno.land/std@0.192.0/path/glob.ts": "d479e0a695621c94d3fd7fe7abd4f9499caf32a8de13f25073451c6ef420a4e1",
    "https://deno.land/std@0.192.0/path/mod.ts": "f065032a7189404fdac3ad1a1551a9ac84751d2f25c431e101787846c86c79ef",
    "https://deno.land/std@0.192.0/path/posix.ts": "8b7c67ac338714b30c816079303d0285dd24af6b284f7ad63da5b27372a2c94d",
    "https://deno.land/std@0.192.0/path/separator.ts": "0fb679739d0d1d7bf45b68dacfb4ec7563597a902edbaf3c59b50d5bcadd93b1",
    "https://deno.land/std@0.192.0/path/win32.ts": "d186344e5583bcbf8b18af416d13d82b35a317116e6460a5a3953508c3de5bba",
    "https://esm.sh/@material/web@1.0.0-pre.12/button/elevated-button.js": "86ff2a728e4669344fee25d298f14432b3725566498e01c82a03ba9702cd558c",
    "https://esm.sh/v127/@lit/reactive-element@1.6.2/denonext/decorators/custom-element.js": "321e3577726c75ba00808606960d632bbb587997248bdf85d49dbf28d42dd3fd",
    "https://esm.sh/v127/@lit/reactive-element@1.6.2/denonext/decorators/event-options.js": "dfdfc4a76672bdd7b767dc744ebaafd81179a2fcbf5c1a8632041dd880f8757f",
    "https://esm.sh/v127/@lit/reactive-element@1.6.2/denonext/decorators/property.js": "2b905fe9965bbd9c887aa4feeed0caf7fbdbc8091800e91170922928de147e08",
    "https://esm.sh/v127/@lit/reactive-element@1.6.2/denonext/decorators/query-all.js": "9bc7beff67d091d0b48cabd90059f6fb4b7203d51f23bcf949215848abb1e55c",
    "https://esm.sh/v127/@lit/reactive-element@1.6.2/denonext/decorators/query-assigned-elements.js": "6ef97c2ce9a74d21ba78ba662d476b0c11ab6e72c9aa38fa71092615b2feed5d",
    "https://esm.sh/v127/@lit/reactive-element@1.6.2/denonext/decorators/query-assigned-nodes.js": "11a71df24956280144c8c3d0ad1eef1a1799c9b87955bcff8410813a8218b2da",
    "https://esm.sh/v127/@lit/reactive-element@1.6.2/denonext/decorators/query-async.js": "723944cc490d04d26ca429ed3ef8be9c92b8555d6db6a80d450497bd87d7e58e",
    "https://esm.sh/v127/@lit/reactive-element@1.6.2/denonext/decorators/query.js": "e8821c9e655054e6db8ac50378a92181dd56bab352fb3ec33443f2728c5dcf26",
    "https://esm.sh/v127/@lit/reactive-element@1.6.2/denonext/decorators/state.js": "dae5ddb30cf70d2abc1cb7339cb579559d7a67b42479d063bc9a09a946a24cd9",
    "https://esm.sh/v127/@lit/reactive-element@1.6.2/denonext/reactive-element.mjs": "54a890ce8e6d4e16d6fc97b6d3bdc0a76281b3150f58a6b4c4a82b12e5b4a04e",
    "https://esm.sh/v127/@lit/reactive-element@1.6.2/development/css-tag.d.ts": "a80f27221e7a19d79f4c84d9e8807576f5853743089830ee9ad2e3b13f77fdab",
    "https://esm.sh/v127/@lit/reactive-element@1.6.2/development/reactive-controller.d.ts": "edf09b3ab61e48c31b83119a45133e581a7c824e34bf184080345ea37faa7ae2",
    "https://esm.sh/v127/@lit/reactive-element@1.6.2/development/reactive-element.d.ts": "4ed1b38a4c6372d742a41be876730dc8869f1fd36fca850a1647874e866d369c",
    "https://esm.sh/v127/@material/web@1.0.0-pre.12/button/elevated-button.d.ts": "25b703de605d70614be57e8b65aa5dae573d14f42620e04418825a25e2b14a6c",
    "https://esm.sh/v127/@material/web@1.0.0-pre.12/button/lib/button.d.ts": "747b66ceea5134af1c846589a6e81939d3f64d5c40d197c49416527a5b064d7a",
    "https://esm.sh/v127/@material/web@1.0.0-pre.12/button/lib/elevated-button.d.ts": "22227a36eb438cb47f0fc4144fb04ed8bf815821bef29769ebdd94add07bb316",
    "https://esm.sh/v127/@material/web@1.0.0-pre.12/denonext/button/elevated-button.js": "c9f8e7ac16cd2c0e3e98c5db9f006764f5733994e80087dd48fc37d9ed47136b",
    "https://esm.sh/v127/@material/web@1.0.0-pre.12/elevation/elevation.d.ts": "100ba51b0215072d70bbfb18390ae4395634299abbe2e9b7bef990ae9dd0279c",
    "https://esm.sh/v127/@material/web@1.0.0-pre.12/elevation/lib/elevation.d.ts": "516a0edbdb984e1398588559f7abdd846006d7dff3c4b1700d88aa386cc2b113",
    "https://esm.sh/v127/@material/web@1.0.0-pre.12/focus/focus-ring.d.ts": "b555945130764d58245fe89c51a76b0b6da1beacda6623bb969c1dde1af5bdc8",
    "https://esm.sh/v127/@material/web@1.0.0-pre.12/focus/lib/focus-ring.d.ts": "fd0d2d00614090a2e7ea74d7efc87b662c90903dd88837227ad8becee6d8eeee",
    "https://esm.sh/v127/@material/web@1.0.0-pre.12/internal/controller/attachable-controller.d.ts": "d0ad523ce57054a3eb03c8ab0b381dc29c2daf5011e3bec61feea1522c99de81",
    "https://esm.sh/v127/@material/web@1.0.0-pre.12/ripple/lib/ripple.d.ts": "d02dcc341bb367f2b55942670a0da697f6566e8b3f1cb00c7262255448508f34",
    "https://esm.sh/v127/@material/web@1.0.0-pre.12/ripple/ripple.d.ts": "ab9813f85a16ccbcb3f1dbe6c3feec5b658d612da2b0861c29f9db781a7d1377",
    "https://esm.sh/v127/@types/trusted-types@2.0.3/index.d.ts": "9c7d8ab047f09cc0679d0acc253d95885823e29e492cdb23b99da027c572f126",
    "https://esm.sh/v127/@types/trusted-types@2.0.3/lib/index.d.ts": "2fcd2d22b1f30555e785105597cd8f57ed50300e213c4f1bbca6ae149f782c38",
    "https://esm.sh/v127/lit-element@3.3.2/denonext/lit-element.js": "b63cbd99d09d63a87be44f287aa5b2a2505bd1d882e901e36216202c07419a0d",
    "https://esm.sh/v127/lit-element@3.3.2/development/lit-element.d.ts": "cd2bd874863a39c59b8f28bf7ac5336d2757826bb8f9d8bffd429e61e5cce639",
    "https://esm.sh/v127/lit-html@2.7.4/denonext/directives/class-map.js": "cad7428a7f5a11fd4c4d6761d2b8c71e4e660d8e098f2592ae6a6f76b5ff406a",
    "https://esm.sh/v127/lit-html@2.7.4/denonext/is-server.js": "65a4bef1df959a7f0f2f1e0a40821345df2c6cc27c62416efdffd965291b16ea",
    "https://esm.sh/v127/lit-html@2.7.4/denonext/lit-html.mjs": "ddeebf76f20c0fa294fda52c95c0163cd5edb193b557ad8d66f9fbff9ad257e3",
    "https://esm.sh/v127/lit-html@2.7.4/denonext/static.js": "c113631865e21e5a0385c127979a6e82e4bd1c06b98fb0e1dcb3740149971558",
    "https://esm.sh/v127/lit-html@2.7.4/development/directive.d.ts": "7deea56aadc4a322d0fa02d33445e6a9df12c1ddeb75fc2c91e0c411ca67e3b5",
    "https://esm.sh/v127/lit-html@2.7.4/development/is-server.d.ts": "eaa7bd4456d08dfc337265f5216a2c1935bfaa2e3ac122e75ffe76a7b9394609",
    "https://esm.sh/v127/lit-html@2.7.4/development/lit-html.d.ts": "8f7d304ccb85f84a1ef02d3eb6029de36e32deacbb21355b5e21f8340334b189",
    "https://esm.sh/v127/lit-html@2.7.4/directive.d.ts": "7deea56aadc4a322d0fa02d33445e6a9df12c1ddeb75fc2c91e0c411ca67e3b5",
    "https://esm.sh/v127/lit-html@2.7.4/lit-html.d.ts": "8f7d304ccb85f84a1ef02d3eb6029de36e32deacbb21355b5e21f8340334b189",
    "https://esm.sh/v127/lit@2.7.5/denonext/decorators.js": "4f21b619481573fc2d737ba83ae25ed341b473ce8317c51c2e9be4873b7c0070",
    "https://esm.sh/v127/lit@2.7.5/denonext/directives/class-map.js": "76bb4a3346d82af2f154752a390bc69caa7efbdeaf9861e24e9887eefed2fcc0",
    "https://esm.sh/v127/lit@2.7.5/denonext/lit.mjs": "ba2fbfc1e633b925cf5deafc306d82e2b8b4201da5dc53e6f80cc341528841e6",
    "https://esm.sh/v127/lit@2.7.5/denonext/static-html.js": "6922cb9799dacce6de2d74c8a4adce70d531a3fec2028627fbe04ff9c0d034cb",
    "https://esm.sh/v127/lit@2.7.5/development/index.d.ts": "ad86c39160e4d2ba578c42095a14d560c8b765fb5553f657796e8b85b0c8efb6",
    "https://esm.sh/v127/tslib@2.6.0/denonext/tslib.mjs": "2215292e6fcf28a7a081eee911f127bb3c44cdd61ff0651e3e384d7a49b4e42b",
    "https://raw.githubusercontent.com/tailwindlabs/tailwindcss/master/plugin.d.ts": "c3916141089b022b0b5aab813af5e5159123ec7a019d057c8a41db5c6fd57401"
  },
  "npm": {
    "specifiers": {
      "@material/web": "@material/web@1.0.0-pre.12",
      "postcss": "postcss@8.4.23",
      "postcss-js": "postcss-js@4.0.1_postcss@8.4.23"
    },
    "packages": {
      "@lit-labs/ssr-dom-shim@1.1.1": {
        "integrity": "sha512-kXOeFbfCm4fFf2A3WwVEeQj55tMZa8c8/f9AKHMobQMkzNUfUj+antR3fRPaZJawsa1aZiP/Da3ndpZrwEe4rQ==",
        "dependencies": {}
      },
      "@lit/reactive-element@1.6.2": {
        "integrity": "sha512-rDfl+QnCYjuIGf5xI2sVJWdYIi56CTCwWa+nidKYX6oIuBYwUbT/vX4qbUDlHiZKJ/3FRNQ/tWJui44p6/stSA==",
        "dependencies": {
          "@lit-labs/ssr-dom-shim": "@lit-labs/ssr-dom-shim@1.1.1"
        }
      },
      "@material/web@1.0.0-pre.12": {
        "integrity": "sha512-hqbb1dZx3Un3q8y6/teC19pPGARfGxVXVvtns/tw77XgdNafgStPbR0oQ8hOlEDWmCEUSW94O0y6k3kG0lD8lg==",
        "dependencies": {
          "lit": "lit@2.7.5",
          "safevalues": "safevalues@0.4.3",
          "tslib": "tslib@2.6.0"
        }
      },
      "@types/trusted-types@2.0.3": {
        "integrity": "sha512-NfQ4gyz38SL8sDNrSixxU2Os1a5xcdFxipAFxYEuLUlvU2uDwS4NUpsImcf1//SlWItCVMMLiylsxbmNMToV/g==",
        "dependencies": {}
      },
      "camelcase-css@2.0.1": {
        "integrity": "sha512-QOSvevhslijgYwRx6Rv7zKdMF8lbRmx+uQGx2+vDc+KI/eBnsy9kit5aj23AgGu3pa4t9AgwbnXWqS+iOY+2aA==",
        "dependencies": {}
      },
      "lit-element@3.3.2": {
        "integrity": "sha512-xXAeVWKGr4/njq0rGC9dethMnYCq5hpKYrgQZYTzawt9YQhMiXfD+T1RgrdY3NamOxwq2aXlb0vOI6e29CKgVQ==",
        "dependencies": {
          "@lit-labs/ssr-dom-shim": "@lit-labs/ssr-dom-shim@1.1.1",
          "@lit/reactive-element": "@lit/reactive-element@1.6.2",
          "lit-html": "lit-html@2.7.4"
        }
      },
      "lit-html@2.7.4": {
        "integrity": "sha512-/Jw+FBpeEN+z8X6PJva5n7+0MzCVAH2yypN99qHYYkq8bI+j7I39GH+68Z/MZD6rGKDK9RpzBw7CocfmHfq6+g==",
        "dependencies": {
          "@types/trusted-types": "@types/trusted-types@2.0.3"
        }
      },
      "lit@2.7.5": {
        "integrity": "sha512-i/cH7Ye6nBDUASMnfwcictBnsTN91+aBjXoTHF2xARghXScKxpD4F4WYI+VLXg9lqbMinDfvoI7VnZXjyHgdfQ==",
        "dependencies": {
          "@lit/reactive-element": "@lit/reactive-element@1.6.2",
          "lit-element": "lit-element@3.3.2",
          "lit-html": "lit-html@2.7.4"
        }
      },
      "nanoid@3.3.6": {
        "integrity": "sha512-BGcqMMJuToF7i1rt+2PWSNVnWIkGCU78jBG3RxO/bZlnZPK2Cmi2QaffxGO/2RvWi9sL+FAiRiXMgsyxQ1DIDA==",
        "dependencies": {}
      },
      "picocolors@1.0.0": {
        "integrity": "sha512-1fygroTLlHu66zi26VoTDv8yRgm0Fccecssto+MhsZ0D/DGW2sm8E8AjW7NU5VVTRt5GxbeZ5qBuJr+HyLYkjQ==",
        "dependencies": {}
      },
      "postcss-js@4.0.1_postcss@8.4.23": {
        "integrity": "sha512-dDLF8pEO191hJMtlHFPRa8xsizHaM82MLfNkUHdUtVEV3tgTp5oj+8qbEqYM57SLfc74KSbw//4SeJma2LRVIw==",
        "dependencies": {
          "camelcase-css": "camelcase-css@2.0.1",
          "postcss": "postcss@8.4.23"
        }
      },
      "postcss@8.4.23": {
        "integrity": "sha512-bQ3qMcpF6A/YjR55xtoTr0jGOlnPOKAIMdOWiv0EIT6HVPEaJiJB4NLljSbiHoC2RX7DN5Uvjtpbg1NPdwv1oA==",
        "dependencies": {
          "nanoid": "nanoid@3.3.6",
          "picocolors": "picocolors@1.0.0",
          "source-map-js": "source-map-js@1.0.2"
        }
      },
      "safevalues@0.4.3": {
        "integrity": "sha512-pNCNTkx3xs7G5YJ/9CoeZZVUSPRjH0SEPM0QI5Z1FZRlLBviTFWlNKPs8PTvZvERV0gO7ie/t/Zc0S96JS4Xew==",
        "dependencies": {}
      },
      "source-map-js@1.0.2": {
        "integrity": "sha512-R0XvVJ9WusLiqTCEiGCmICCMplcCkIwwR11mOSD9CR5u+IXYdiseeEuXCVAjS54zqwkLcPNnmU4OeJ6tUrWhDw==",
        "dependencies": {}
      },
      "tslib@2.6.0": {
        "integrity": "sha512-7At1WUettjcSRHXCyYtTselblcHl9PJFFVKiCAy/bY97+BPZXSQ2wbq0P9s8tK2G7dFQfNnlJnPAiArVBVBsfA==",
        "dependencies": {}
      }
    }
  }
}
